
Microsoft Visual Studio Solution File, Format Version 12.00
# Visual Studio 2013
VisualStudioVersion = 12.0.31101.0
MinimumVisualStudioVersion = 10.0.40219.1
Project("{FAE04EC0-301F-11D3-BF4B-00C04F79EFBC}") = "TemplateMethod_CSharp", "TemplateMethod_CSharp\TemplateMethod_CSharp.csproj", "{06888FE7-403C-4E2B-B0C2-ADC6EE7C6A50}"
EndProject
Project("{8BC9CEB8-8B4A-11D0-8D11-00A0C91BC942}") = "TemplateMethod_CPP", "TemplateMethod_CPP\TemplateMethod_CPP.vcxproj", "{069123CC-22E8-4AAB-AA0D-E5464367ECC3}"
EndProject
Project("{FAE04EC0-301F-11D3-BF4B-00C04F79EFBC}") = "Strategy_CSharp", "Strategy_CSharp\Strategy_CSharp.csproj", "{DEBDF023-319E-45A4-8BC3-E03931E35A61}"
EndProject
Project("{FAE04EC0-301F-11D3-BF4B-00C04F79EFBC}") = "State_CSharp", "State_CSharp\State_CSharp.csproj", "{5A2CA6E5-C5FF-468B-8273-7FD95B53DE37}"
EndProject
Project("{FAE04EC0-301F-11D3-BF4B-00C04F79EFBC}") = "Singleton_CSharp", "Singleton_CSharp\Singleton_CSharp.csproj", "{3C40D817-5CDC-4FEB-8D99-B997D42FBF06}"
EndProject
Project("{8BC9CEB8-8B4A-11D0-8D11-00A0C91BC942}") = "Singleton_CPP", "Singleton_CPP\Singleton_CPP.vcxproj", "{A1A0A701-0280-493E-B8A6-AA94B075C9FB}"
EndProject
Project("{FAE04EC0-301F-11D3-BF4B-00C04F79EFBC}") = "Prototype_CSharp", "Prototype_CSharp\Prototype_CSharp.csproj", "{2F2A63ED-A9F1-4B8D-8C64-8452C16D2548}"
EndProject
Project("{FAE04EC0-301F-11D3-BF4B-00C04F79EFBC}") = "Composite_CSharp", "Composite_CSharp\Composite_CSharp.csproj", "{33720B35-2597-4EDA-95E0-760E980CC6BA}"
EndProject
Project("{8BC9CEB8-8B4A-11D0-8D11-00A0C91BC942}") = "FactoryMethod_CPP", "FactoryMethod_CPP\FactoryMethod_CPP.vcxproj", "{D19BEE8A-18B0-4561-8433-184EF3B728F6}"
EndProject
Project("{8BC9CEB8-8B4A-11D0-8D11-00A0C91BC942}") = "ConsoleApplication1", "ConsoleApplication1\ConsoleApplication1.vcxproj", "{08717BFF-154B-4CD2-B007-A0C2D6EE4B7E}"
EndProject
Global
	GlobalSection(SolutionConfigurationPlatforms) = preSolution
		Debug|Any CPU = Debug|Any CPU
		Debug|Mixed Platforms = Debug|Mixed Platforms
		Debug|Win32 = Debug|Win32
		Release|Any CPU = Release|Any CPU
		Release|Mixed Platforms = Release|Mixed Platforms
		Release|Win32 = Release|Win32
	EndGlobalSection
	GlobalSection(ProjectConfigurationPlatforms) = postSolution
		{06888FE7-403C-4E2B-B0C2-ADC6EE7C6A50}.Debug|Any CPU.ActiveCfg = Debug|Any CPU
		{06888FE7-403C-4E2B-B0C2-ADC6EE7C6A50}.Debug|Any CPU.Build.0 = Debug|Any CPU
		{06888FE7-403C-4E2B-B0C2-ADC6EE7C6A50}.Debug|Mixed Platforms.ActiveCfg = Debug|Any CPU
		{06888FE7-403C-4E2B-B0C2-ADC6EE7C6A50}.Debug|Mixed Platforms.Build.0 = Debug|Any CPU
		{06888FE7-403C-4E2B-B0C2-ADC6EE7C6A50}.Debug|Win32.ActiveCfg = Debug|Any CPU
		{06888FE7-403C-4E2B-B0C2-ADC6EE7C6A50}.Release|Any CPU.ActiveCfg = Release|Any CPU
		{06888FE7-403C-4E2B-B0C2-ADC6EE7C6A50}.Release|Any CPU.Build.0 = Release|Any CPU
		{06888FE7-403C-4E2B-B0C2-ADC6EE7C6A50}.Release|Mixed Platforms.ActiveCfg = Release|Any CPU
		{06888FE7-403C-4E2B-B0C2-ADC6EE7C6A50}.Release|Mixed Platforms.Build.0 = Release|Any CPU
		{06888FE7-403C-4E2B-B0C2-ADC6EE7C6A50}.Release|Win32.ActiveCfg = Release|Any CPU
		{069123CC-22E8-4AAB-AA0D-E5464367ECC3}.Debug|Any CPU.ActiveCfg = Debug|Win32
		{069123CC-22E8-4AAB-AA0D-E5464367ECC3}.Debug|Mixed Platforms.ActiveCfg = Debug|Win32
		{069123CC-22E8-4AAB-AA0D-E5464367ECC3}.Debug|Mixed Platforms.Build.0 = Debug|Win32
		{069123CC-22E8-4AAB-AA0D-E5464367ECC3}.Debug|Win32.ActiveCfg = Debug|Win32
		{069123CC-22E8-4AAB-AA0D-E5464367ECC3}.Debug|Win32.Build.0 = Debug|Win32
		{069123CC-22E8-4AAB-AA0D-E5464367ECC3}.Release|Any CPU.ActiveCfg = Release|Win32
		{069123CC-22E8-4AAB-AA0D-E5464367ECC3}.Release|Mixed Platforms.ActiveCfg = Release|Win32
		{069123CC-22E8-4AAB-AA0D-E5464367ECC3}.Release|Mixed Platforms.Build.0 = Release|Win32
		{069123CC-22E8-4AAB-AA0D-E5464367ECC3}.Release|Win32.ActiveCfg = Release|Win32
		{069123CC-22E8-4AAB-AA0D-E5464367ECC3}.Release|Win32.Build.0 = Release|Win32
		{DEBDF023-319E-45A4-8BC3-E03931E35A61}.Debug|Any CPU.ActiveCfg = Debug|Any CPU
		{DEBDF023-319E-45A4-8BC3-E03931E35A61}.Debug|Any CPU.Build.0 = Debug|Any CPU
		{DEBDF023-319E-45A4-8BC3-E03931E35A61}.Debug|Mixed Platforms.ActiveCfg = Debug|Any CPU
		{DEBDF023-319E-45A4-8BC3-E03931E35A61}.Debug|Mixed Platforms.Build.0 = Debug|Any CPU
		{DEBDF023-319E-45A4-8BC3-E03931E35A61}.Debug|Win32.ActiveCfg = Debug|Any CPU
		{DEBDF023-319E-45A4-8BC3-E03931E35A61}.Release|Any CPU.ActiveCfg = Release|Any CPU
		{DEBDF023-319E-45A4-8BC3-E03931E35A61}.Release|Any CPU.Build.0 = Release|Any CPU
		{DEBDF023-319E-45A4-8BC3-E03931E35A61}.Release|Mixed Platforms.ActiveCfg = Release|Any CPU
		{DEBDF023-319E-45A4-8BC3-E03931E35A61}.Release|Mixed Platforms.Build.0 = Release|Any CPU
		{DEBDF023-319E-45A4-8BC3-E03931E35A61}.Release|Win32.ActiveCfg = Release|Any CPU
		{5A2CA6E5-C5FF-468B-8273-7FD95B53DE37}.Debug|Any CPU.ActiveCfg = Debug|Any CPU
		{5A2CA6E5-C5FF-468B-8273-7FD95B53DE37}.Debug|Any CPU.Build.0 = Debug|Any CPU
		{5A2CA6E5-C5FF-468B-8273-7FD95B53DE37}.Debug|Mixed Platforms.ActiveCfg = Debug|Any CPU
		{5A2CA6E5-C5FF-468B-8273-7FD95B53DE37}.Debug|Mixed Platforms.Build.0 = Debug|Any CPU
		{5A2CA6E5-C5FF-468B-8273-7FD95B53DE37}.Debug|Win32.ActiveCfg = Debug|Any CPU
		{5A2CA6E5-C5FF-468B-8273-7FD95B53DE37}.Release|Any CPU.ActiveCfg = Release|Any CPU
		{5A2CA6E5-C5FF-468B-8273-7FD95B53DE37}.Release|Any CPU.Build.0 = Release|Any CPU
		{5A2CA6E5-C5FF-468B-8273-7FD95B53DE37}.Release|Mixed Platforms.ActiveCfg = Release|Any CPU
		{5A2CA6E5-C5FF-468B-8273-7FD95B53DE37}.Release|Mixed Platforms.Build.0 = Release|Any CPU
		{5A2CA6E5-C5FF-468B-8273-7FD95B53DE37}.Release|Win32.ActiveCfg = Release|Any CPU
		{3C40D817-5CDC-4FEB-8D99-B997D42FBF06}.Debug|Any CPU.ActiveCfg = Debug|Any CPU
		{3C40D817-5CDC-4FEB-8D99-B997D42FBF06}.Debug|Any CPU.Build.0 = Debug|Any CPU
		{3C40D817-5CDC-4FEB-8D99-B997D42FBF06}.Debug|Mixed Platforms.ActiveCfg = Debug|Any CPU
		{3C40D817-5CDC-4FEB-8D99-B997D42FBF06}.Debug|Mixed Platforms.Build.0 = Debug|Any CPU
		{3C40D817-5CDC-4FEB-8D99-B997D42FBF06}.Debug|Win32.ActiveCfg = Debug|Any CPU
		{3C40D817-5CDC-4FEB-8D99-B997D42FBF06}.Release|Any CPU.ActiveCfg = Release|Any CPU
		{3C40D817-5CDC-4FEB-8D99-B997D42FBF06}.Release|Any CPU.Build.0 = Release|Any CPU
		{3C40D817-5CDC-4FEB-8D99-B997D42FBF06}.Release|Mixed Platforms.ActiveCfg = Release|Any CPU
		{3C40D817-5CDC-4FEB-8D99-B997D42FBF06}.Release|Mixed Platforms.Build.0 = Release|Any CPU
		{3C40D817-5CDC-4FEB-8D99-B997D42FBF06}.Release|Win32.ActiveCfg = Release|Any CPU
		{A1A0A701-0280-493E-B8A6-AA94B075C9FB}.Debug|Any CPU.ActiveCfg = Debug|Win32
		{A1A0A701-0280-493E-B8A6-AA94B075C9FB}.Debug|Mixed Platforms.ActiveCfg = Debug|Win32
		{A1A0A701-0280-493E-B8A6-AA94B075C9FB}.Debug|Mixed Platforms.Build.0 = Debug|Win32
		{A1A0A701-0280-493E-B8A6-AA94B075C9FB}.Debug|Win32.ActiveCfg = Debug|Win32
		{A1A0A701-0280-493E-B8A6-AA94B075C9FB}.Debug|Win32.Build.0 = Debug|Win32
		{A1A0A701-0280-493E-B8A6-AA94B075C9FB}.Release|Any CPU.ActiveCfg = Release|Win32
		{A1A0A701-0280-493E-B8A6-AA94B075C9FB}.Release|Mixed Platforms.ActiveCfg = Release|Win32
		{A1A0A701-0280-493E-B8A6-AA94B075C9FB}.Release|Mixed Platforms.Build.0 = Release|Win32
		{A1A0A701-0280-493E-B8A6-AA94B075C9FB}.Release|Win32.ActiveCfg = Release|Win32
		{A1A0A701-0280-493E-B8A6-AA94B075C9FB}.Release|Win32.Build.0 = Release|Win32
		{2F2A63ED-A9F1-4B8D-8C64-8452C16D2548}.Debug|Any CPU.ActiveCfg = Debug|Any CPU
		{2F2A63ED-A9F1-4B8D-8C64-8452C16D2548}.Debug|Any CPU.Build.0 = Debug|Any CPU
		{2F2A63ED-A9F1-4B8D-8C64-8452C16D2548}.Debug|Mixed Platforms.ActiveCfg = Debug|Any CPU
		{2F2A63ED-A9F1-4B8D-8C64-8452C16D2548}.Debug|Mixed Platforms.Build.0 = Debug|Any CPU
		{2F2A63ED-A9F1-4B8D-8C64-8452C16D2548}.Debug|Win32.ActiveCfg = Debug|Any CPU
		{2F2A63ED-A9F1-4B8D-8C64-8452C16D2548}.Release|Any CPU.ActiveCfg = Release|Any CPU
		{2F2A63ED-A9F1-4B8D-8C64-8452C16D2548}.Release|Any CPU.Build.0 = Release|Any CPU
		{2F2A63ED-A9F1-4B8D-8C64-8452C16D2548}.Release|Mixed Platforms.ActiveCfg = Release|Any CPU
		{2F2A63ED-A9F1-4B8D-8C64-8452C16D2548}.Release|Mixed Platforms.Build.0 = Release|Any CPU
		{2F2A63ED-A9F1-4B8D-8C64-8452C16D2548}.Release|Win32.ActiveCfg = Release|Any CPU
		{33720B35-2597-4EDA-95E0-760E980CC6BA}.Debug|Any CPU.ActiveCfg = Debug|Any CPU
		{33720B35-2597-4EDA-95E0-760E980CC6BA}.Debug|Any CPU.Build.0 = Debug|Any CPU
		{33720B35-2597-4EDA-95E0-760E980CC6BA}.Debug|Mixed Platforms.ActiveCfg = Debug|Any CPU
		{33720B35-2597-4EDA-95E0-760E980CC6BA}.Debug|Mixed Platforms.Build.0 = Debug|Any CPU
		{33720B35-2597-4EDA-95E0-760E980CC6BA}.Debug|Win32.ActiveCfg = Debug|Any CPU
		{33720B35-2597-4EDA-95E0-760E980CC6BA}.Release|Any CPU.ActiveCfg = Release|Any CPU
		{33720B35-2597-4EDA-95E0-760E980CC6BA}.Release|Any CPU.Build.0 = Release|Any CPU
		{33720B35-2597-4EDA-95E0-760E980CC6BA}.Release|Mixed Platforms.ActiveCfg = Release|Any CPU
		{33720B35-2597-4EDA-95E0-760E980CC6BA}.Release|Mixed Platforms.Build.0 = Release|Any CPU
		{33720B35-2597-4EDA-95E0-760E980CC6BA}.Release|Win32.ActiveCfg = Release|Any CPU
		{D19BEE8A-18B0-4561-8433-184EF3B728F6}.Debug|Any CPU.ActiveCfg = Debug|Win32
		{D19BEE8A-18B0-4561-8433-184EF3B728F6}.Debug|Mixed Platforms.ActiveCfg = Debug|Win32
		{D19BEE8A-18B0-4561-8433-184EF3B728F6}.Debug|Mixed Platforms.Build.0 = Debug|Win32
		{D19BEE8A-18B0-4561-8433-184EF3B728F6}.Debug|Win32.ActiveCfg = Debug|Win32
		{D19BEE8A-18B0-4561-8433-184EF3B728F6}.Debug|Win32.Build.0 = Debug|Win32
		{D19BEE8A-18B0-4561-8433-184EF3B728F6}.Release|Any CPU.ActiveCfg = Release|Win32
		{D19BEE8A-18B0-4561-8433-184EF3B728F6}.Release|Mixed Platforms.ActiveCfg = Release|Win32
		{D19BEE8A-18B0-4561-8433-184EF3B728F6}.Release|Mixed Platforms.Build.0 = Release|Win32
		{D19BEE8A-18B0-4561-8433-184EF3B728F6}.Release|Win32.ActiveCfg = Release|Win32
		{D19BEE8A-18B0-4561-8433-184EF3B728F6}.Release|Win32.Build.0 = Release|Win32
		{08717BFF-154B-4CD2-B007-A0C2D6EE4B7E}.Debug|Any CPU.ActiveCfg = Debug|Win32
		{08717BFF-154B-4CD2-B007-A0C2D6EE4B7E}.Debug|Mixed Platforms.ActiveCfg = Debug|Win32
		{08717BFF-154B-4CD2-B007-A0C2D6EE4B7E}.Debug|Mixed Platforms.Build.0 = Debug|Win32
		{08717BFF-154B-4CD2-B007-A0C2D6EE4B7E}.Debug|Win32.ActiveCfg = Debug|Win32
		{08717BFF-154B-4CD2-B007-A0C2D6EE4B7E}.Debug|Win32.Build.0 = Debug|Win32
		{08717BFF-154B-4CD2-B007-A0C2D6EE4B7E}.Release|Any CPU.ActiveCfg = Release|Win32
		{08717BFF-154B-4CD2-B007-A0C2D6EE4B7E}.Release|Mixed Platforms.ActiveCfg = Release|Win32
		{08717BFF-154B-4CD2-B007-A0C2D6EE4B7E}.Release|Mixed Platforms.Build.0 = Release|Win32
		{08717BFF-154B-4CD2-B007-A0C2D6EE4B7E}.Release|Win32.ActiveCfg = Release|Win32
		{08717BFF-154B-4CD2-B007-A0C2D6EE4B7E}.Release|Win32.Build.0 = Release|Win32
	EndGlobalSection
	GlobalSection(SolutionProperties) = preSolution
		HideSolutionNode = FALSE
	EndGlobalSection
EndGlobal
